
Microsoft Visual Studio Solution File, Format Version 9.00
# Visual Studio 2005
Project("{FAE04EC0-301F-11D3-BF4B-00C04F79EFBC}") = "AdminTool", "AdminTool\AdminTool.csproj", "{2DF6D605-12BC-4701-AD71-B9CBDB78BC97}"
EndProject
Project("{8BC9CEB8-8B4A-11D0-8D11-00A0C91BC942}") = "Marshaler", "Marshaler\Marshaler.vcproj", "{7432198F-5E10-480F-9181-F2C0CFD0B9B7}"
EndProject
Project("{FAE04EC0-301F-11D3-BF4B-00C04F79EFBC}") = "DpwUtilAssembly", "DpwUtilAssembly\DpwUtilAssembly.csproj", "{832F235A-27D1-4BBA-8600-91E5D56B249E}"
EndProject
Project("{54435603-DBB4-11D2-8724-00A0C9A8B90C}") = "Setup", "Setup\Setup.vdproj", "{20534670-5BC0-41DA-A6BE-074BE8A56D71}"
EndProject
Global
	GlobalSection(SolutionConfigurationPlatforms) = preSolution
		Debug|Any CPU = Debug|Any CPU
		Debug|Mixed Platforms = Debug|Mixed Platforms
		Debug|Win32 = Debug|Win32
		Release|Any CPU = Release|Any CPU
		Release|Mixed Platforms = Release|Mixed Platforms
		Release|Win32 = Release|Win32
	EndGlobalSection
	GlobalSection(ProjectConfigurationPlatforms) = postSolution
		{2DF6D605-12BC-4701-AD71-B9CBDB78BC97}.Debug|Any CPU.ActiveCfg = Debug|Any CPU
		{2DF6D605-12BC-4701-AD71-B9CBDB78BC97}.Debug|Any CPU.Build.0 = Debug|Any CPU
		{2DF6D605-12BC-4701-AD71-B9CBDB78BC97}.Debug|Mixed Platforms.ActiveCfg = Debug|Any CPU
		{2DF6D605-12BC-4701-AD71-B9CBDB78BC97}.Debug|Mixed Platforms.Build.0 = Debug|Any CPU
		{2DF6D605-12BC-4701-AD71-B9CBDB78BC97}.Debug|Win32.ActiveCfg = Debug|Any CPU
		{2DF6D605-12BC-4701-AD71-B9CBDB78BC97}.Release|Any CPU.ActiveCfg = Release|Any CPU
		{2DF6D605-12BC-4701-AD71-B9CBDB78BC97}.Release|Any CPU.Build.0 = Release|Any CPU
		{2DF6D605-12BC-4701-AD71-B9CBDB78BC97}.Release|Mixed Platforms.ActiveCfg = Release|Any CPU
		{2DF6D605-12BC-4701-AD71-B9CBDB78BC97}.Release|Mixed Platforms.Build.0 = Release|Any CPU
		{2DF6D605-12BC-4701-AD71-B9CBDB78BC97}.Release|Win32.ActiveCfg = Release|Any CPU
		{7432198F-5E10-480F-9181-F2C0CFD0B9B7}.Debug|Any CPU.ActiveCfg = Debug|Win32
		{7432198F-5E10-480F-9181-F2C0CFD0B9B7}.Debug|Mixed Platforms.ActiveCfg = Debug|Win32
		{7432198F-5E10-480F-9181-F2C0CFD0B9B7}.Debug|Mixed Platforms.Build.0 = Debug|Win32
		{7432198F-5E10-480F-9181-F2C0CFD0B9B7}.Debug|Win32.ActiveCfg = Debug|Win32
		{7432198F-5E10-480F-9181-F2C0CFD0B9B7}.Debug|Win32.Build.0 = Debug|Win32
		{7432198F-5E10-480F-9181-F2C0CFD0B9B7}.Release|Any CPU.ActiveCfg = Release|Win32
		{7432198F-5E10-480F-9181-F2C0CFD0B9B7}.Release|Mixed Platforms.ActiveCfg = Release|Win32
		{7432198F-5E10-480F-9181-F2C0CFD0B9B7}.Release|Mixed Platforms.Build.0 = Release|Win32
		{7432198F-5E10-480F-9181-F2C0CFD0B9B7}.Release|Win32.ActiveCfg = Release|Win32
		{7432198F-5E10-480F-9181-F2C0CFD0B9B7}.Release|Win32.Build.0 = Release|Win32
		{832F235A-27D1-4BBA-8600-91E5D56B249E}.Debug|Any CPU.ActiveCfg = Debug|Any CPU
		{832F235A-27D1-4BBA-8600-91E5D56B249E}.Debug|Any CPU.Build.0 = Debug|Any CPU
		{832F235A-27D1-4BBA-8600-91E5D56B249E}.Debug|Mixed Platforms.ActiveCfg = Debug|Any CPU
		{832F235A-27D1-4BBA-8600-91E5D56B249E}.Debug|Mixed Platforms.Build.0 = Debug|Any CPU
		{832F235A-27D1-4BBA-8600-91E5D56B249E}.Debug|Win32.ActiveCfg = Debug|Any CPU
		{832F235A-27D1-4BBA-8600-91E5D56B249E}.Release|Any CPU.ActiveCfg = Release|Any CPU
		{832F235A-27D1-4BBA-8600-91E5D56B249E}.Release|Any CPU.Build.0 = Release|Any CPU
		{832F235A-27D1-4BBA-8600-91E5D56B249E}.Release|Mixed Platforms.ActiveCfg = Release|Any CPU
		{832F235A-27D1-4BBA-8600-91E5D56B249E}.Release|Mixed Platforms.Build.0 = Release|Any CPU
		{832F235A-27D1-4BBA-8600-91E5D56B249E}.Release|Win32.ActiveCfg = Release|Any CPU
		{20534670-5BC0-41DA-A6BE-074BE8A56D71}.Debug|Any CPU.ActiveCfg = Debug
		{20534670-5BC0-41DA-A6BE-074BE8A56D71}.Debug|Mixed Platforms.ActiveCfg = Debug
		{20534670-5BC0-41DA-A6BE-074BE8A56D71}.Debug|Win32.ActiveCfg = Debug
		{20534670-5BC0-41DA-A6BE-074BE8A56D71}.Release|Any CPU.ActiveCfg = Release
		{20534670-5BC0-41DA-A6BE-074BE8A56D71}.Release|Mixed Platforms.ActiveCfg = Release
		{20534670-5BC0-41DA-A6BE-074BE8A56D71}.Release|Win32.ActiveCfg = Release
	EndGlobalSection
	GlobalSection(SolutionProperties) = preSolution
		HideSolutionNode = FALSE
	EndGlobalSection
EndGlobal
